
Microsoft Visual Studio Solution File, Format Version 12.00
# Visual Studio Version 16
VisualStudioVersion = 16.0.30413.136
MinimumVisualStudioVersion = 10.0.40219.1
Project("{FAE04EC0-301F-11D3-BF4B-00C04F79EFBC}") = "URC", "URC\URC.csproj", "{506C412A-718B-4354-8D52-61ECC3FE9045}"
EndProject
Global
	GlobalSection(SolutionConfigurationPlatforms) = preSolution
		Debug|Any CPU = Debug|Any CPU
		Release|Any CPU = Release|Any CPU
	EndGlobalSection
	GlobalSection(ProjectConfigurationPlatforms) = postSolution
		{506C412A-718B-4354-8D52-61ECC3FE9045}.Debug|Any CPU.ActiveCfg = Debug|Any CPU
		{506C412A-718B-4354-8D52-61ECC3FE9045}.Debug|Any CPU.Build.0 = Debug|Any CPU
		{506C412A-718B-4354-8D52-61ECC3FE9045}.Release|Any CPU.ActiveCfg = Release|Any CPU
		{506C412A-718B-4354-8D52-61ECC3FE9045}.Release|Any CPU.Build.0 = Release|Any CPU
	EndGlobalSection
	GlobalSection(SolutionProperties) = preSolution
		HideSolutionNode = FALSE
	EndGlobalSection
	GlobalSection(ExtensibilityGlobals) = postSolution
		SolutionGuid = {1231456B-66AC-4178-846A-A2DB1E23D853}
	EndGlobalSection
EndGlobal
